// !$*UTF8*$!
{
	archiveVersion = 1;
	classes = {
	};
	objectVersion = 50;
	objects = {

/* Begin PBXBuildFile section */
		12A3B67622849D610054D3B1 /* AppDelegate.swift in Sources */ = {isa = PBXBuildFile; fileRef = 12A3B67522849D610054D3B1 /* AppDelegate.swift */; };
		12A3B67822849D610054D3B1 /* ViewController.swift in Sources */ = {isa = PBXBuildFile; fileRef = 12A3B67722849D610054D3B1 /* ViewController.swift */; };
		12A3B67B22849D610054D3B1 /* Main.storyboard in Resources */ = {isa = PBXBuildFile; fileRef = 12A3B67922849D610054D3B1 /* Main.storyboard */; };
		12A3B68022849D620054D3B1 /* Assets.xcassets in Resources */ = {isa = PBXBuildFile; fileRef = 12A3B67F22849D620054D3B1 /* Assets.xcassets */; };
		12A3B68322849D620054D3B1 /* LaunchScreen.storyboard in Resources */ = {isa = PBXBuildFile; fileRef = 12A3B68122849D620054D3B1 /* LaunchScreen.storyboard */; };
		12A3B68C22849E170054D3B1 /* Client.swift in Sources */ = {isa = PBXBuildFile; fileRef = 12A3B68B22849E170054D3B1 /* Client.swift */; };
		12A3B68E22849E510054D3B1 /* ClientProtocols.swift in Sources */ = {isa = PBXBuildFile; fileRef = 12A3B68D22849E510054D3B1 /* ClientProtocols.swift */; };
		12A3B69022849E840054D3B1 /* ClientListenerProtocol.swift in Sources */ = {isa = PBXBuildFile; fileRef = 12A3B68F22849E840054D3B1 /* ClientListenerProtocol.swift */; };
		12A3B69322849EC30054D3B1 /* ClientRecievedData.swift in Sources */ = {isa = PBXBuildFile; fileRef = 12A3B69222849EC30054D3B1 /* ClientRecievedData.swift */; };
		12A3B6952284A9020054D3B1 /* Ship.swift in Sources */ = {isa = PBXBuildFile; fileRef = 12A3B6942284A9020054D3B1 /* Ship.swift */; };
		12A3B6972284AC3A0054D3B1 /* BattleshipGame.swift in Sources */ = {isa = PBXBuildFile; fileRef = 12A3B6962284AC3A0054D3B1 /* BattleshipGame.swift */; };
		12BB04DF228F1CFA00B63D21 /* SetupBoardViewController.swift in Sources */ = {isa = PBXBuildFile; fileRef = 12BB04DE228F1CFA00B63D21 /* SetupBoardViewController.swift */; };
		12BB04E1228F2B8500B63D21 /* CreationGrid.swift in Sources */ = {isa = PBXBuildFile; fileRef = 12BB04E0228F2B8500B63D21 /* CreationGrid.swift */; };
		12BB04E3228F4B2B00B63D21 /* ViewControllerConnectToServer.swift in Sources */ = {isa = PBXBuildFile; fileRef = 12BB04E2228F4B2B00B63D21 /* ViewControllerConnectToServer.swift */; };
		B95EBAF922742D5D00364682 /* PlayerGrid.swift in Sources */ = {isa = PBXBuildFile; fileRef = B95EBAF822742D5D00364682 /* PlayerGrid.swift */; };
		B95EBAFB22742D6800364682 /* EnemyGrid.swift in Sources */ = {isa = PBXBuildFile; fileRef = B95EBAFA22742D6800364682 /* EnemyGrid.swift */; };
		B95EBAFD22742E2200364682 /* Board.swift in Sources */ = {isa = PBXBuildFile; fileRef = B95EBAFC22742E2200364682 /* Board.swift */; };
		B95EBAFF22742F2300364682 /* Square.swift in Sources */ = {isa = PBXBuildFile; fileRef = B95EBAFE22742F2300364682 /* Square.swift */; };
		B95EBB022274DA4A00364682 /* BoardTesterViewController.swift in Sources */ = {isa = PBXBuildFile; fileRef = B95EBB012274DA4A00364682 /* BoardTesterViewController.swift */; };
		B9FD7C0722741C8800C0E7DC /* GridView.swift in Sources */ = {isa = PBXBuildFile; fileRef = B9FD7C0622741C8800C0E7DC /* GridView.swift */; };
/* End PBXBuildFile section */

/* Begin PBXFileReference section */
		12A3B67222849D610054D3B1 /* Battleship.app */ = {isa = PBXFileReference; explicitFileType = wrapper.application; includeInIndex = 0; path = Battleship.app; sourceTree = BUILT_PRODUCTS_DIR; };
		12A3B67522849D610054D3B1 /* AppDelegate.swift */ = {isa = PBXFileReference; lastKnownFileType = sourcecode.swift; path = AppDelegate.swift; sourceTree = "<group>"; };
		12A3B67722849D610054D3B1 /* ViewController.swift */ = {isa = PBXFileReference; lastKnownFileType = sourcecode.swift; path = ViewController.swift; sourceTree = "<group>"; };
		12A3B67A22849D610054D3B1 /* Base */ = {isa = PBXFileReference; lastKnownFileType = file.storyboard; name = Base; path = Base.lproj/Main.storyboard; sourceTree = "<group>"; };
		12A3B67F22849D620054D3B1 /* Assets.xcassets */ = {isa = PBXFileReference; lastKnownFileType = folder.assetcatalog; path = Assets.xcassets; sourceTree = "<group>"; };
		12A3B68222849D620054D3B1 /* Base */ = {isa = PBXFileReference; lastKnownFileType = file.storyboard; name = Base; path = Base.lproj/LaunchScreen.storyboard; sourceTree = "<group>"; };
		12A3B68422849D620054D3B1 /* Info.plist */ = {isa = PBXFileReference; lastKnownFileType = text.plist.xml; path = Info.plist; sourceTree = "<group>"; };
		12A3B68B22849E170054D3B1 /* Client.swift */ = {isa = PBXFileReference; lastKnownFileType = sourcecode.swift; path = Client.swift; sourceTree = "<group>"; };
		12A3B68D22849E510054D3B1 /* ClientProtocols.swift */ = {isa = PBXFileReference; lastKnownFileType = sourcecode.swift; path = ClientProtocols.swift; sourceTree = "<group>"; };
		12A3B68F22849E840054D3B1 /* ClientListenerProtocol.swift */ = {isa = PBXFileReference; lastKnownFileType = sourcecode.swift; path = ClientListenerProtocol.swift; sourceTree = "<group>"; };
		12A3B69222849EC30054D3B1 /* ClientRecievedData.swift */ = {isa = PBXFileReference; lastKnownFileType = sourcecode.swift; path = ClientRecievedData.swift; sourceTree = "<group>"; };
		12A3B6942284A9020054D3B1 /* Ship.swift */ = {isa = PBXFileReference; lastKnownFileType = sourcecode.swift; path = Ship.swift; sourceTree = "<group>"; };
		12A3B6962284AC3A0054D3B1 /* BattleshipGame.swift */ = {isa = PBXFileReference; lastKnownFileType = sourcecode.swift; path = BattleshipGame.swift; sourceTree = "<group>"; };
		12BB04DE228F1CFA00B63D21 /* SetupBoardViewController.swift */ = {isa = PBXFileReference; lastKnownFileType = sourcecode.swift; path = SetupBoardViewController.swift; sourceTree = "<group>"; };
		12BB04E0228F2B8500B63D21 /* CreationGrid.swift */ = {isa = PBXFileReference; lastKnownFileType = sourcecode.swift; path = CreationGrid.swift; sourceTree = "<group>"; };
		12BB04E2228F4B2B00B63D21 /* ViewControllerConnectToServer.swift */ = {isa = PBXFileReference; lastKnownFileType = sourcecode.swift; path = ViewControllerConnectToServer.swift; sourceTree = "<group>"; };
		B95EBAF822742D5D00364682 /* PlayerGrid.swift */ = {isa = PBXFileReference; lastKnownFileType = sourcecode.swift; path = PlayerGrid.swift; sourceTree = "<group>"; };
		B95EBAFA22742D6800364682 /* EnemyGrid.swift */ = {isa = PBXFileReference; lastKnownFileType = sourcecode.swift; path = EnemyGrid.swift; sourceTree = "<group>"; };
		B95EBAFC22742E2200364682 /* Board.swift */ = {isa = PBXFileReference; lastKnownFileType = sourcecode.swift; path = Board.swift; sourceTree = "<group>"; };
		B95EBAFE22742F2300364682 /* Square.swift */ = {isa = PBXFileReference; lastKnownFileType = sourcecode.swift; path = Square.swift; sourceTree = "<group>"; };
		B95EBB012274DA4A00364682 /* BoardTesterViewController.swift */ = {isa = PBXFileReference; lastKnownFileType = sourcecode.swift; path = BoardTesterViewController.swift; sourceTree = "<group>"; };
		B9FD7C0622741C8800C0E7DC /* GridView.swift */ = {isa = PBXFileReference; lastKnownFileType = sourcecode.swift; path = GridView.swift; sourceTree = "<group>"; };
/* End PBXFileReference section */

/* Begin PBXFrameworksBuildPhase section */
		12A3B66F22849D610054D3B1 /* Frameworks */ = {
			isa = PBXFrameworksBuildPhase;
			buildActionMask = 2147483647;
			files = (
			);
			runOnlyForDeploymentPostprocessing = 0;
		};
/* End PBXFrameworksBuildPhase section */

/* Begin PBXGroup section */
		12A3B66922849D610054D3B1 = {
			isa = PBXGroup;
			children = (
				12A3B67422849D610054D3B1 /* Battleship */,
				12A3B67322849D610054D3B1 /* Products */,
			);
			sourceTree = "<group>";
		};
		12A3B67322849D610054D3B1 /* Products */ = {
			isa = PBXGroup;
			children = (
				12A3B67222849D610054D3B1 /* Battleship.app */,
			);
			name = Products;
			sourceTree = "<group>";
		};
		12A3B67422849D610054D3B1 /* Battleship */ = {
			isa = PBXGroup;
			children = (
				B95EBB002274DA2F00364682 /* testing */,
				B9FD7C0522741C5500C0E7DC /* Game */,
				12A3B69122849EAA0054D3B1 /* MakeConnection */,
				12A3B68A22849DFD0054D3B1 /* SocketClient */,
				12A3B67522849D610054D3B1 /* AppDelegate.swift */,
				12A3B67722849D610054D3B1 /* ViewController.swift */,
				12A3B67922849D610054D3B1 /* Main.storyboard */,
				12A3B67F22849D620054D3B1 /* Assets.xcassets */,
				12A3B68122849D620054D3B1 /* LaunchScreen.storyboard */,
				12A3B68422849D620054D3B1 /* Info.plist */,
				12BB04DE228F1CFA00B63D21 /* SetupBoardViewController.swift */,
			);
			path = Battleship;
			sourceTree = "<group>";
		};
		12A3B68A22849DFD0054D3B1 /* SocketClient */ = {
			isa = PBXGroup;
			children = (
				12A3B68B22849E170054D3B1 /* Client.swift */,
				12A3B68D22849E510054D3B1 /* ClientProtocols.swift */,
				12A3B68F22849E840054D3B1 /* ClientListenerProtocol.swift */,
			);
			path = SocketClient;
			sourceTree = "<group>";
		};
		12A3B69122849EAA0054D3B1 /* MakeConnection */ = {
			isa = PBXGroup;
			children = (
				12A3B69222849EC30054D3B1 /* ClientRecievedData.swift */,
				12BB04E2228F4B2B00B63D21 /* ViewControllerConnectToServer.swift */,
			);
			path = MakeConnection;
			sourceTree = "<group>";
		};
		B95EBB002274DA2F00364682 /* testing */ = {
			isa = PBXGroup;
			children = (
				B95EBB012274DA4A00364682 /* BoardTesterViewController.swift */,
			);
			path = testing;
			sourceTree = "<group>";
		};
		B9FD7C0522741C5500C0E7DC /* Game */ = {
			isa = PBXGroup;
			children = (
				B9FD7C0622741C8800C0E7DC /* GridView.swift */,
				12A3B6942284A9020054D3B1 /* Ship.swift */,
				12A3B6962284AC3A0054D3B1 /* BattleshipGame.swift */,
				B95EBAF822742D5D00364682 /* PlayerGrid.swift */,
				B95EBAFA22742D6800364682 /* EnemyGrid.swift */,
				B95EBAFC22742E2200364682 /* Board.swift */,
				B95EBAFE22742F2300364682 /* Square.swift */,
				12BB04E0228F2B8500B63D21 /* CreationGrid.swift */,
			);
			path = Game;
			sourceTree = "<group>";
		};
/* End PBXGroup section */

/* Begin PBXNativeTarget section */
		12A3B67122849D610054D3B1 /* Battleship */ = {
			isa = PBXNativeTarget;
			buildConfigurationList = 12A3B68722849D620054D3B1 /* Build configuration list for PBXNativeTarget "Battleship" */;
			buildPhases = (
				12A3B66E22849D610054D3B1 /* Sources */,
				12A3B66F22849D610054D3B1 /* Frameworks */,
				12A3B67022849D610054D3B1 /* Resources */,
			);
			buildRules = (
			);
			dependencies = (
			);
			name = Battleship;
			productName = Battleship;
			productReference = 12A3B67222849D610054D3B1 /* Battleship.app */;
			productType = "com.apple.product-type.application";
		};
/* End PBXNativeTarget section */

/* Begin PBXProject section */
		12A3B66A22849D610054D3B1 /* Project object */ = {
			isa = PBXProject;
			attributes = {
				LastSwiftUpdateCheck = 1010;
				LastUpgradeCheck = 1010;
				ORGANIZATIONNAME = "Lister, Julia";
				TargetAttributes = {
					12A3B67122849D610054D3B1 = {
						CreatedOnToolsVersion = 10.1;
					};
				};
			};
			buildConfigurationList = 12A3B66D22849D610054D3B1 /* Build configuration list for PBXProject "Battleship" */;
			compatibilityVersion = "Xcode 9.3";
			developmentRegion = en;
			hasScannedForEncodings = 0;
			knownRegions = (
				en,
				Base,
			);
			mainGroup = 12A3B66922849D610054D3B1;
			productRefGroup = 12A3B67322849D610054D3B1 /* Products */;
			projectDirPath = "";
			projectRoot = "";
			targets = (
				12A3B67122849D610054D3B1 /* Battleship */,
			);
		};
/* End PBXProject section */

/* Begin PBXResourcesBuildPhase section */
		12A3B67022849D610054D3B1 /* Resources */ = {
			isa = PBXResourcesBuildPhase;
			buildActionMask = 2147483647;
			files = (
				12A3B68322849D620054D3B1 /* LaunchScreen.storyboard in Resources */,
				12A3B68022849D620054D3B1 /* Assets.xcassets in Resources */,
				12A3B67B22849D610054D3B1 /* Main.storyboard in Resources */,
			);
			runOnlyForDeploymentPostprocessing = 0;
		};
/* End PBXResourcesBuildPhase section */

/* Begin PBXSourcesBuildPhase section */
		12A3B66E22849D610054D3B1 /* Sources */ = {
			isa = PBXSourcesBuildPhase;
			buildActionMask = 2147483647;
			files = (
				12A3B6972284AC3A0054D3B1 /* BattleshipGame.swift in Sources */,
				12BB04DF228F1CFA00B63D21 /* SetupBoardViewController.swift in Sources */,
				12A3B68E22849E510054D3B1 /* ClientProtocols.swift in Sources */,
				B95EBB022274DA4A00364682 /* BoardTesterViewController.swift in Sources */,
				B95EBAFD22742E2200364682 /* Board.swift in Sources */,
				12A3B6952284A9020054D3B1 /* Ship.swift in Sources */,
				12BB04E3228F4B2B00B63D21 /* ViewControllerConnectToServer.swift in Sources */,
				12A3B67822849D610054D3B1 /* ViewController.swift in Sources */,
				B95EBAFB22742D6800364682 /* EnemyGrid.swift in Sources */,
				12BB04E1228F2B8500B63D21 /* CreationGrid.swift in Sources */,
				12A3B67622849D610054D3B1 /* AppDelegate.swift in Sources */,
				12A3B69322849EC30054D3B1 /* ClientRecievedData.swift in Sources */,
				B9FD7C0722741C8800C0E7DC /* GridView.swift in Sources */,
				B95EBAFF22742F2300364682 /* Square.swift in Sources */,
				12A3B68C22849E170054D3B1 /* Client.swift in Sources */,
				12A3B69022849E840054D3B1 /* ClientListenerProtocol.swift in Sources */,
				B95EBAF922742D5D00364682 /* PlayerGrid.swift in Sources */,
			);
			runOnlyForDeploymentPostprocessing = 0;
		};
/* End PBXSourcesBuildPhase section */

/* Begin PBXVariantGroup section */
		12A3B67922849D610054D3B1 /* Main.storyboard */ = {
			isa = PBXVariantGroup;
			children = (
				12A3B67A22849D610054D3B1 /* Base */,
			);
			name = Main.storyboard;
			sourceTree = "<group>";
		};
		12A3B68122849D620054D3B1 /* LaunchScreen.storyboard */ = {
			isa = PBXVariantGroup;
			children = (
				12A3B68222849D620054D3B1 /* Base */,
			);
			name = LaunchScreen.storyboard;
			sourceTree = "<group>";
		};
/* End PBXVariantGroup section */

/* Begin XCBuildConfiguration section */
		12A3B68522849D620054D3B1 /* Debug */ = {
			isa = XCBuildConfiguration;
			buildSettings = {
				ALWAYS_SEARCH_USER_PATHS = NO;
				CLANG_ANALYZER_NONNULL = YES;
				CLANG_ANALYZER_NUMBER_OBJECT_CONVERSION = YES_AGGRESSIVE;
				CLANG_CXX_LANGUAGE_STANDARD = "gnu++14";
				CLANG_CXX_LIBRARY = "libc++";
				CLANG_ENABLE_MODULES = YES;
				CLANG_ENABLE_OBJC_ARC = YES;
				CLANG_ENABLE_OBJC_WEAK = YES;
				CLANG_WARN_BLOCK_CAPTURE_AUTORELEASING = YES;
				CLANG_WARN_BOOL_CONVERSION = YES;
				CLANG_WARN_COMMA = YES;
				CLANG_WARN_CONSTANT_CONVERSION = YES;
				CLANG_WARN_DEPRECATED_OBJC_IMPLEMENTATIONS = YES;
				CLANG_WARN_DIRECT_OBJC_ISA_USAGE = YES_ERROR;
				CLANG_WARN_DOCUMENTATION_COMMENTS = YES;
				CLANG_WARN_EMPTY_BODY = YES;
				CLANG_WARN_ENUM_CONVERSION = YES;
				CLANG_WARN_INFINITE_RECURSION = YES;
				CLANG_WARN_INT_CONVERSION = YES;
				CLANG_WARN_NON_LITERAL_NULL_CONVERSION = YES;
				CLANG_WARN_OBJC_IMPLICIT_RETAIN_SELF = YES;
				CLANG_WARN_OBJC_LITERAL_CONVERSION = YES;
				CLANG_WARN_OBJC_ROOT_CLASS = YES_ERROR;
				CLANG_WARN_RANGE_LOOP_ANALYSIS = YES;
				CLANG_WARN_STRICT_PROTOTYPES = YES;
				CLANG_WARN_SUSPICIOUS_MOVE = YES;
				CLANG_WARN_UNGUARDED_AVAILABILITY = YES_AGGRESSIVE;
				CLANG_WARN_UNREACHABLE_CODE = YES;
				CLANG_WARN__DUPLICATE_METHOD_MATCH = YES;
				CODE_SIGN_IDENTITY = "iPhone Developer";
				COPY_PHASE_STRIP = NO;
				DEBUG_INFORMATION_FORMAT = dwarf;
				ENABLE_STRICT_OBJC_MSGSEND = YES;
				ENABLE_TESTABILITY = YES;
				GCC_C_LANGUAGE_STANDARD = gnu11;
				GCC_DYNAMIC_NO_PIC = NO;
				GCC_NO_COMMON_BLOCKS = YES;
				GCC_OPTIMIZATION_LEVEL = 0;
				GCC_PREPROCESSOR_DEFINITIONS = (
					"DEBUG=1",
					"$(inherited)",
				);
				GCC_WARN_64_TO_32_BIT_CONVERSION = YES;
				GCC_WARN_ABOUT_RETURN_TYPE = YES_ERROR;
				GCC_WARN_UNDECLARED_SELECTOR = YES;
				GCC_WARN_UNINITIALIZED_AUTOS = YES_AGGRESSIVE;
				GCC_WARN_UNUSED_FUNCTION = YES;
				GCC_WARN_UNUSED_VARIABLE = YES;
				IPHONEOS_DEPLOYMENT_TARGET = 12.1;
				MTL_ENABLE_DEBUG_INFO = INCLUDE_SOURCE;
				MTL_FAST_MATH = YES;
				ONLY_ACTIVE_ARCH = YES;
				SDKROOT = iphoneos;
				SWIFT_ACTIVE_COMPILATION_CONDITIONS = DEBUG;
				SWIFT_OPTIMIZATION_LEVEL = "-Onone";
			};
			name = Debug;
		};
		12A3B68622849D620054D3B1 /* Release */ = {
			isa = XCBuildConfiguration;
			buildSettings = {
				ALWAYS_SEARCH_USER_PATHS = NO;
				CLANG_ANALYZER_NONNULL = YES;
				CLANG_ANALYZER_NUMBER_OBJECT_CONVERSION = YES_AGGRESSIVE;
				CLANG_CXX_LANGUAGE_STANDARD = "gnu++14";
				CLANG_CXX_LIBRARY = "libc++";
				CLANG_ENABLE_MODULES = YES;
				CLANG_ENABLE_OBJC_ARC = YES;
				CLANG_ENABLE_OBJC_WEAK = YES;
				CLANG_WARN_BLOCK_CAPTURE_AUTORELEASING = YES;
				CLANG_WARN_BOOL_CONVERSION = YES;
				CLANG_WARN_COMMA = YES;
				CLANG_WARN_CONSTANT_CONVERSION = YES;
				CLANG_WARN_DEPRECATED_OBJC_IMPLEMENTATIONS = YES;
				CLANG_WARN_DIRECT_OBJC_ISA_USAGE = YES_ERROR;
				CLANG_WARN_DOCUMENTATION_COMMENTS = YES;
				CLANG_WARN_EMPTY_BODY = YES;
				CLANG_WARN_ENUM_CONVERSION = YES;
				CLANG_WARN_INFINITE_RECURSION = YES;
				CLANG_WARN_INT_CONVERSION = YES;
				CLANG_WARN_NON_LITERAL_NULL_CONVERSION = YES;
				CLANG_WARN_OBJC_IMPLICIT_RETAIN_SELF = YES;
				CLANG_WARN_OBJC_LITERAL_CONVERSION = YES;
				CLANG_WARN_OBJC_ROOT_CLASS = YES_ERROR;
				CLANG_WARN_RANGE_LOOP_ANALYSIS = YES;
				CLANG_WARN_STRICT_PROTOTYPES = YES;
				CLANG_WARN_SUSPICIOUS_MOVE = YES;
				CLANG_WARN_UNGUARDED_AVAILABILITY = YES_AGGRESSIVE;
				CLANG_WARN_UNREACHABLE_CODE = YES;
				CLANG_WARN__DUPLICATE_METHOD_MATCH = YES;
				CODE_SIGN_IDENTITY = "iPhone Developer";
				COPY_PHASE_STRIP = NO;
				DEBUG_INFORMATION_FORMAT = "dwarf-with-dsym";
				ENABLE_NS_ASSERTIONS = NO;
				ENABLE_STRICT_OBJC_MSGSEND = YES;
				GCC_C_LANGUAGE_STANDARD = gnu11;
				GCC_NO_COMMON_BLOCKS = YES;
				GCC_WARN_64_TO_32_BIT_CONVERSION = YES;
				GCC_WARN_ABOUT_RETURN_TYPE = YES_ERROR;
				GCC_WARN_UNDECLARED_SELECTOR = YES;
				GCC_WARN_UNINITIALIZED_AUTOS = YES_AGGRESSIVE;
				GCC_WARN_UNUSED_FUNCTION = YES;
				GCC_WARN_UNUSED_VARIABLE = YES;
				IPHONEOS_DEPLOYMENT_TARGET = 12.1;
				MTL_ENABLE_DEBUG_INFO = NO;
				MTL_FAST_MATH = YES;
				SDKROOT = iphoneos;
				SWIFT_COMPILATION_MODE = wholemodule;
				SWIFT_OPTIMIZATION_LEVEL = "-O";
				VALIDATE_PRODUCT = YES;
			};
			name = Release;
		};
		12A3B68822849D620054D3B1 /* Debug */ = {
			isa = XCBuildConfiguration;
			buildSettings = {
				ASSETCATALOG_COMPILER_APPICON_NAME = AppIcon;
				CODE_SIGN_STYLE = Automatic;
				INFOPLIST_FILE = Battleship/Info.plist;
				LD_RUNPATH_SEARCH_PATHS = (
					"$(inherited)",
					"@executable_path/Frameworks",
				);
				PRODUCT_BUNDLE_IDENTIFIER = net.null.JuliaLister.Battleship;
				PRODUCT_NAME = "$(TARGET_NAME)";
				SWIFT_VERSION = 4.2;
				TARGETED_DEVICE_FAMILY = "1,2";
			};
			name = Debug;
		};
		12A3B68922849D620054D3B1 /* Release */ = {
			isa = XCBuildConfiguration;
			buildSettings = {
				ASSETCATALOG_COMPILER_APPICON_NAME = AppIcon;
				CODE_SIGN_STYLE = Automatic;
				INFOPLIST_FILE = Battleship/Info.plist;
				LD_RUNPATH_SEARCH_PATHS = (
					"$(inherited)",
					"@executable_path/Frameworks",
				);
				PRODUCT_BUNDLE_IDENTIFIER = net.null.JuliaLister.Battleship;
				PRODUCT_NAME = "$(TARGET_NAME)";
				SWIFT_VERSION = 4.2;
				TARGETED_DEVICE_FAMILY = "1,2";
			};
			name = Release;
		};
/* End XCBuildConfiguration section */

/* Begin XCConfigurationList section */
		12A3B66D22849D610054D3B1 /* Build configuration list for PBXProject "Battleship" */ = {
			isa = XCConfigurationList;
			buildConfigurations = (
				12A3B68522849D620054D3B1 /* Debug */,
				12A3B68622849D620054D3B1 /* Release */,
			);
			defaultConfigurationIsVisible = 0;
			defaultConfigurationName = Release;
		};
		12A3B68722849D620054D3B1 /* Build configuration list for PBXNativeTarget "Battleship" */ = {
			isa = XCConfigurationList;
			buildConfigurations = (
				12A3B68822849D620054D3B1 /* Debug */,
				12A3B68922849D620054D3B1 /* Release */,
			);
			defaultConfigurationIsVisible = 0;
			defaultConfigurationName = Release;
		};
/* End XCConfigurationList section */
	};
	rootObject = 12A3B66A22849D610054D3B1 /* Project object */;
}
